<?xml version="1.0" encoding="utf-8"?>
<Project ToolsVersion="4.0" xmlns="http://schemas.microsoft.com/developer/msbuild/2003">
  <ItemGroup>
    <Filter Include="Main">
      <UniqueIdentifier>{e8dccf15-3bdd-4854-8dd2-f0ba5d770abc}</UniqueIdentifier>
    </Filter>
    <Filter Include="Utils">
      <UniqueIdentifier>{37e6aaa6-0769-426b-aa67-d42e60cd791c}</UniqueIdentifier>
    </Filter>
    <Filter Include="Protocol">
      <UniqueIdentifier>{603496b5-138a-4725-951a-b0a8ee8dfe85}</UniqueIdentifier>
    </Filter>
    <Filter Include="GameContents">
      <UniqueIdentifier>{87ecb0c8-a463-4f2f-8da3-49a7bcdfb77a}</UniqueIdentifier>
    </Filter>
    <Filter Include="강의">
      <UniqueIdentifier>{9a5ed7dc-5de3-4765-9b97-470631754cbc}</UniqueIdentifier>
    </Filter>
    <Filter Include="강의\Lock-Based Stack / Queue">
      <UniqueIdentifier>{e11d17bc-9628-4aac-a811-83b239c82c48}</UniqueIdentifier>
    </Filter>
    <Filter Include="강의\Lock-Free Stack">
      <UniqueIdentifier>{5b14b421-4011-4b56-9c6b-900d5e7f0e68}</UniqueIdentifier>
    </Filter>
    <Filter Include="강의\Lock-Free Stack2">
      <UniqueIdentifier>{ce6edd63-1fad-41ce-8564-b76c11f56348}</UniqueIdentifier>
    </Filter>
    <Filter Include="강의\Lock-Free Stack3">
      <UniqueIdentifier>{948c72a1-4a9f-407f-802d-1db114ea6c6c}</UniqueIdentifier>
    </Filter>
    <Filter Include="강의\ThreadManager">
      <UniqueIdentifier>{4296505d-9bc6-4070-89b7-172db4e4852c}</UniqueIdentifier>
    </Filter>
  </ItemGroup>
  <ItemGroup>
    <ClCompile Include="GameServer.cpp">
      <Filter>Main</Filter>
    </ClCompile>
    <ClCompile Include="pch.cpp">
      <Filter>Utils</Filter>
    </ClCompile>
    <ClCompile Include="GameSession.cpp">
      <Filter>Main</Filter>
    </ClCompile>
    <ClCompile Include="GameSessionManager.cpp">
      <Filter>Main</Filter>
    </ClCompile>
    <ClCompile Include="ClientPacketHandler.cpp">
      <Filter>Main</Filter>
    </ClCompile>
    <ClCompile Include="Protocol.pb.cc">
      <Filter>Protocol</Filter>
    </ClCompile>
    <ClCompile Include="Struct.pb.cc">
      <Filter>Protocol</Filter>
    </ClCompile>
    <ClCompile Include="Enum.pb.cc">
      <Filter>Protocol</Filter>
    </ClCompile>
    <ClCompile Include="Player.cpp">
      <Filter>GameContents</Filter>
    </ClCompile>
    <ClCompile Include="Room.cpp">
      <Filter>GameContents</Filter>
    </ClCompile>
    <ClCompile Include="..\..\Lock-Based Stack-Queue_소스코드\GameServer\ConcurrentQueue.cpp">
      <Filter>강의\Lock-Based Stack / Queue</Filter>
    </ClCompile>
    <ClCompile Include="..\..\Lock-Based Stack-Queue_소스코드\GameServer\ConcurrentStack.cpp">
      <Filter>강의\Lock-Based Stack / Queue</Filter>
    </ClCompile>
    <ClCompile Include="..\..\Lock-Based Stack-Queue_소스코드\GameServer\GameServer.cpp">
      <Filter>강의\Lock-Based Stack / Queue</Filter>
    </ClCompile>
    <ClCompile Include="..\..\Lock-Free Stack #1_소스코드\GameServer\ConcurrentQueue.cpp">
      <Filter>강의\Lock-Free Stack</Filter>
    </ClCompile>
    <ClCompile Include="..\..\Lock-Free Stack #1_소스코드\GameServer\ConcurrentStack.cpp">
      <Filter>강의\Lock-Free Stack</Filter>
    </ClCompile>
    <ClCompile Include="..\..\Lock-Free Stack #1_소스코드\GameServer\GameServer.cpp">
      <Filter>강의\Lock-Free Stack</Filter>
    </ClCompile>
    <ClCompile Include="..\..\Lock-Free Stack #2_소스코드\GameServer\ConcurrentQueue.cpp">
      <Filter>강의\Lock-Free Stack2</Filter>
    </ClCompile>
    <ClCompile Include="..\..\Lock-Free Stack #2_소스코드\GameServer\ConcurrentStack.cpp">
      <Filter>강의\Lock-Free Stack2</Filter>
    </ClCompile>
    <ClCompile Include="..\..\Lock-Free Stack #2_소스코드\GameServer\GameServer.cpp">
      <Filter>강의\Lock-Free Stack2</Filter>
    </ClCompile>
    <ClCompile Include="..\..\Lock-Free Stack #3_소스코드\GameServer\ConcurrentQueue.cpp">
      <Filter>강의\Lock-Free Stack3</Filter>
    </ClCompile>
    <ClCompile Include="..\..\Lock-Free Stack #3_소스코드\GameServer\ConcurrentStack.cpp">
      <Filter>강의\Lock-Free Stack3</Filter>
    </ClCompile>
    <ClCompile Include="..\..\Lock-Free Stack #3_소스코드\GameServer\GameServer.cpp">
      <Filter>강의\Lock-Free Stack3</Filter>
    </ClCompile>
    <ClCompile Include="..\..\ThreadManager_소스코드\GameServer\GameServer.cpp">
      <Filter>강의\ThreadManager</Filter>
    </ClCompile>
    <ClCompile Include="TM-GameServer.cpp">
      <Filter>강의\ThreadManager</Filter>
    </ClCompile>
  </ItemGroup>
  <ItemGroup>
    <ClInclude Include="pch.h">
      <Filter>Utils</Filter>
    </ClInclude>
    <ClInclude Include="GameSessionManager.h">
      <Filter>Main</Filter>
    </ClInclude>
    <ClInclude Include="GameSession.h">
      <Filter>Main</Filter>
    </ClInclude>
    <ClInclude Include="ClientPacketHandler.h">
      <Filter>Main</Filter>
    </ClInclude>
    <ClInclude Include="Protocol.pb.h">
      <Filter>Protocol</Filter>
    </ClInclude>
    <ClInclude Include="Struct.pb.h">
      <Filter>Protocol</Filter>
    </ClInclude>
    <ClInclude Include="Enum.pb.h">
      <Filter>Protocol</Filter>
    </ClInclude>
    <ClInclude Include="Room.h">
      <Filter>GameContents</Filter>
    </ClInclude>
    <ClInclude Include="Player.h">
      <Filter>GameContents</Filter>
    </ClInclude>
    <ClInclude Include="..\..\Lock-Based Stack-Queue_소스코드\GameServer\ConcurrentQueue.h">
      <Filter>강의\Lock-Based Stack / Queue</Filter>
    </ClInclude>
    <ClInclude Include="..\..\Lock-Based Stack-Queue_소스코드\GameServer\ConcurrentStack.h">
      <Filter>강의\Lock-Based Stack / Queue</Filter>
    </ClInclude>
    <ClInclude Include="..\..\Lock-Free Stack #1_소스코드\GameServer\ConcurrentQueue.h">
      <Filter>강의\Lock-Free Stack</Filter>
    </ClInclude>
    <ClInclude Include="..\..\Lock-Free Stack #1_소스코드\GameServer\ConcurrentStack.h">
      <Filter>강의\Lock-Free Stack</Filter>
    </ClInclude>
    <ClInclude Include="..\..\Lock-Free Stack #2_소스코드\GameServer\ConcurrentQueue.h">
      <Filter>강의\Lock-Free Stack2</Filter>
    </ClInclude>
    <ClInclude Include="..\..\Lock-Free Stack #2_소스코드\GameServer\ConcurrentStack.h">
      <Filter>강의\Lock-Free Stack2</Filter>
    </ClInclude>
    <ClInclude Include="..\..\Lock-Free Stack #3_소스코드\GameServer\ConcurrentQueue.h">
      <Filter>강의\Lock-Free Stack3</Filter>
    </ClInclude>
    <ClInclude Include="..\..\Lock-Free Stack #3_소스코드\GameServer\ConcurrentStack.h">
      <Filter>강의\Lock-Free Stack3</Filter>
    </ClInclude>
  </ItemGroup>
  <ItemGroup>
    <None Include="..\Common\Protobuf\bin\Enum.proto">
      <Filter>Protocol</Filter>
    </None>
    <None Include="..\Common\Protobuf\bin\Protocol.proto">
      <Filter>Protocol</Filter>
    </None>
    <None Include="..\Common\Protobuf\bin\Struct.proto">
      <Filter>Protocol</Filter>
    </None>
    <None Include="..\Common\Protobuf\bin\GenPackets.bat">
      <Filter>Protocol</Filter>
    </None>
  </ItemGroup>
</Project>